
Microsoft Visual Studio Solution File, Format Version 12.00
# Visual Studio Version 17
VisualStudioVersion = 17.14.36915.13 d17.14
MinimumVisualStudioVersion = 10.0.40219.1
Project("{FAE04EC0-301F-11D3-BF4B-00C04F79EFBC}") = "ScaledMap", "ScaledMap.csproj", "{9AAB91CB-35F8-433A-BE45-DF9B2F6EFAE1}"
EndProject
Global
	GlobalSection(SolutionConfigurationPlatforms) = preSolution
		Debug|Any CPU = Debug|Any CPU
		ExportDebug|Any CPU = ExportDebug|Any CPU
		ExportRelease|Any CPU = ExportRelease|Any CPU
	EndGlobalSection
	GlobalSection(ProjectConfigurationPlatforms) = postSolution
		{9AAB91CB-35F8-433A-BE45-DF9B2F6EFAE1}.Debug|Any CPU.ActiveCfg = Debug|Any CPU
		{9AAB91CB-35F8-433A-BE45-DF9B2F6EFAE1}.Debug|Any CPU.Build.0 = Debug|Any CPU
		{9AAB91CB-35F8-433A-BE45-DF9B2F6EFAE1}.ExportDebug|Any CPU.ActiveCfg = ExportDebug|Any CPU
		{9AAB91CB-35F8-433A-BE45-DF9B2F6EFAE1}.ExportDebug|Any CPU.Build.0 = ExportDebug|Any CPU
		{9AAB91CB-35F8-433A-BE45-DF9B2F6EFAE1}.ExportRelease|Any CPU.ActiveCfg = ExportRelease|Any CPU
		{9AAB91CB-35F8-433A-BE45-DF9B2F6EFAE1}.ExportRelease|Any CPU.Build.0 = ExportRelease|Any CPU
	EndGlobalSection
	GlobalSection(SolutionProperties) = preSolution
		HideSolutionNode = FALSE
	EndGlobalSection
	GlobalSection(ExtensibilityGlobals) = postSolution
		SolutionGuid = {828D8312-7ADE-4E02-A006-5AB36F2CE8D4}
	EndGlobalSection
EndGlobal
